
Microsoft Visual Studio Solution File, Format Version 12.00
# Visual Studio Version 17
VisualStudioVersion = 17.13.35931.197 d17.13
MinimumVisualStudioVersion = 10.0.40219.1
Project("{FAE04EC0-301F-11D3-BF4B-00C04F79EFBC}") = "ScrumApp_(Juro)", "ScrumApp_(Juro).csproj", "{979EB44B-1C59-4AD3-8A99-A220CB626B14}"
EndProject
Global
	GlobalSection(SolutionConfigurationPlatforms) = preSolution
		Debug|Any CPU = Debug|Any CPU
		Release|Any CPU = Release|Any CPU
	EndGlobalSection
	GlobalSection(ProjectConfigurationPlatforms) = postSolution
		{979EB44B-1C59-4AD3-8A99-A220CB626B14}.Debug|Any CPU.ActiveCfg = Debug|Any CPU
		{979EB44B-1C59-4AD3-8A99-A220CB626B14}.Debug|Any CPU.Build.0 = Debug|Any CPU
		{979EB44B-1C59-4AD3-8A99-A220CB626B14}.Release|Any CPU.ActiveCfg = Release|Any CPU
		{979EB44B-1C59-4AD3-8A99-A220CB626B14}.Release|Any CPU.Build.0 = Release|Any CPU
	EndGlobalSection
	GlobalSection(SolutionProperties) = preSolution
		HideSolutionNode = FALSE
	EndGlobalSection
	GlobalSection(ExtensibilityGlobals) = postSolution
		SolutionGuid = {7C6533EE-2FC4-41D7-8FAB-1D63F42F712D}
	EndGlobalSection
EndGlobal
